<?xml version="1.0" encoding="utf-8"?>
<Project ToolsVersion="4.0" xmlns="http://schemas.microsoft.com/developer/msbuild/2003">
  <ItemGroup>
    <Filter Include="Source Files">
      <UniqueIdentifier>{f18814a7-76c0-488a-93bb-6b0e86d503ee}</UniqueIdentifier>
      <Extensions>cpp;c;cc;cxx;c++;def;odl;idl;hpj;bat;asm;asmx;hip;cu</Extensions>
    </Filter>
    <Filter Include="Header Files">
      <UniqueIdentifier>{0624ac4d-e450-4938-9910-2e3441792e85}</UniqueIdentifier>
      <Extensions>h;hh;hpp;hxx;h++;hm;inl;inc;ipp;xsd;cuh</Extensions>
    </Filter>
    <Filter Include="Resource Files">
      <UniqueIdentifier>{98f10052-d240-453c-89c1-486e32fec951}</UniqueIdentifier>
      <Extensions>rc;ico;cur;bmp;dlg;rc2;rct;bin;rgs;gif;jpg;jpeg;jpe;resx;tiff;tif;png;wav;mfcribbon-ms</Extensions>
    </Filter>
  </ItemGroup>
  <ItemGroup>
    <ClInclude Include="msvc_defines.h">
      <Filter>Header Files</Filter>
    </ClInclude>
    <ClInclude Include="aabb.h">
      <Filter>Source Files</Filter>
    </ClInclude>
    <ClInclude Include="bvh.h">
      <Filter>Source Files</Filter>
    </ClInclude>
    <ClInclude Include="camera.h">
      <Filter>Source Files</Filter>
    </ClInclude>
    <ClInclude Include="camera_gpu.h">
      <Filter>Source Files</Filter>
    </ClInclude>
    <ClInclude Include="camera_parallel.h">
      <Filter>Source Files</Filter>
    </ClInclude>
    <ClInclude Include="color.h">
      <Filter>Source Files</Filter>
    </ClInclude>
    <ClInclude Include="color_array.h">
      <Filter>Source Files</Filter>
    </ClInclude>
    <ClInclude Include="constant_medium.h">
      <Filter>Source Files</Filter>
    </ClInclude>
    <ClInclude Include="hit_record_device.h">
      <Filter>Source Files</Filter>
    </ClInclude>
    <ClInclude Include="hittable.h">
      <Filter>Source Files</Filter>
    </ClInclude>
    <ClInclude Include="hittable_list.h">
      <Filter>Source Files</Filter>
    </ClInclude>
    <ClInclude Include="hittable_list_device.h">
      <Filter>Source Files</Filter>
    </ClInclude>
    <ClInclude Include="hittable_list_parallel.h">
      <Filter>Source Files</Filter>
    </ClInclude>
    <ClInclude Include="hittable_list_parallel_optimized.h">
      <Filter>Source Files</Filter>
    </ClInclude>
    <ClInclude Include="input.h">
      <Filter>Source Files</Filter>
    </ClInclude>
    <ClInclude Include="interval.h">
      <Filter>Source Files</Filter>
    </ClInclude>
    <ClInclude Include="material.h">
      <Filter>Source Files</Filter>
    </ClInclude>
    <ClInclude Include="mesh.h">
      <Filter>Source Files</Filter>
    </ClInclude>
    <ClInclude Include="obj_model_reader.h">
      <Filter>Source Files</Filter>
    </ClInclude>
    <ClInclude Include="obj_model_reader_parallel.h">
      <Filter>Source Files</Filter>
    </ClInclude>
    <ClInclude Include="parallel.h">
      <Filter>Source Files</Filter>
    </ClInclude>
    <ClInclude Include="path.h">
      <Filter>Source Files</Filter>
    </ClInclude>
    <ClInclude Include="perlin.h">
      <Filter>Source Files</Filter>
    </ClInclude>
    <ClInclude Include="planes.h">
      <Filter>Source Files</Filter>
    </ClInclude>
    <ClInclude Include="point3_animated.h">
      <Filter>Source Files</Filter>
    </ClInclude>
    <ClInclude Include="quad.h">
      <Filter>Source Files</Filter>
    </ClInclude>
    <ClInclude Include="ray.h">
      <Filter>Source Files</Filter>
    </ClInclude>
    <ClInclude Include="ray_device.h">
      <Filter>Source Files</Filter>
    </ClInclude>
    <ClInclude Include="Renderer.h">
      <Filter>Source Files</Filter>
    </ClInclude>
    <ClInclude Include="rtw_stb_image.h">
      <Filter>Source Files</Filter>
    </ClInclude>
    <ClInclude Include="rtweekend.h">
      <Filter>Source Files</Filter>
    </ClInclude>
    <ClInclude Include="sphere.h">
      <Filter>Source Files</Filter>
    </ClInclude>
    <ClInclude Include="sphere_device.h">
      <Filter>Source Files</Filter>
    </ClInclude>
    <ClInclude Include="texture.h">
      <Filter>Source Files</Filter>
    </ClInclude>
    <ClInclude Include="triangle_mesh.h">
      <Filter>Source Files</Filter>
    </ClInclude>
    <ClInclude Include="vec3.h">
      <Filter>Source Files</Filter>
    </ClInclude>
    <ClInclude Include="vec3_device.h">
      <Filter>Source Files</Filter>
    </ClInclude>
    <ClInclude Include="write.h">
      <Filter>Source Files</Filter>
    </ClInclude>
    <ClInclude Include="rtweekend_gpu.h">
      <Filter>Source Files</Filter>
    </ClInclude>
    <ClInclude Include="color_device.h">
      <Filter>Source Files</Filter>
    </ClInclude>
    <ClInclude Include="interval_device.h">
      <Filter>Source Files</Filter>
    </ClInclude>
    <ClInclude Include="material_list_device.h">
      <Filter>Source Files</Filter>
    </ClInclude>
    <ClInclude Include="material_device.h">
      <Filter>Source Files</Filter>
    </ClInclude>
    <ClInclude Include="camera_derived.h">
      <Filter>Header Files</Filter>
    </ClInclude>
    <ClInclude Include="global_scope_device.h">
      <Filter>Source Files</Filter>
    </ClInclude>
  </ItemGroup>
  <ItemGroup>
    <ClCompile Include="aabb.cpp">
      <Filter>Source Files</Filter>
    </ClCompile>
    <ClCompile Include="bvh.cpp">
      <Filter>Source Files</Filter>
    </ClCompile>
    <ClCompile Include="camera.cpp">
      <Filter>Source Files</Filter>
    </ClCompile>
    <ClCompile Include="camera_gpu.cpp">
      <Filter>Source Files</Filter>
    </ClCompile>
    <ClCompile Include="camera_gpu_device.cpp">
      <Filter>Source Files</Filter>
    </ClCompile>
    <ClCompile Include="camera_parallel.cpp">
      <Filter>Source Files</Filter>
    </ClCompile>
    <ClCompile Include="color.cpp">
      <Filter>Source Files</Filter>
    </ClCompile>
    <ClCompile Include="color_array.cpp">
      <Filter>Source Files</Filter>
    </ClCompile>
    <ClCompile Include="constant_medium.cpp">
      <Filter>Source Files</Filter>
    </ClCompile>
    <ClCompile Include="hit_record_device.cpp">
      <Filter>Source Files</Filter>
    </ClCompile>
    <ClCompile Include="hittable.cpp">
      <Filter>Source Files</Filter>
    </ClCompile>
    <ClCompile Include="hittable_list.cpp">
      <Filter>Source Files</Filter>
    </ClCompile>
    <ClCompile Include="hittable_list_device.cpp">
      <Filter>Source Files</Filter>
    </ClCompile>
    <ClCompile Include="hittable_list_parallel.cpp">
      <Filter>Source Files</Filter>
    </ClCompile>
    <ClCompile Include="input.cpp">
      <Filter>Source Files</Filter>
    </ClCompile>
    <ClCompile Include="interval.cpp">
      <Filter>Source Files</Filter>
    </ClCompile>
    <ClCompile Include="mesh.cpp">
      <Filter>Source Files</Filter>
    </ClCompile>
    <ClCompile Include="obj_model_reader.cpp">
      <Filter>Source Files</Filter>
    </ClCompile>
    <ClCompile Include="obj_model_reader_parallel.cpp">
      <Filter>Source Files</Filter>
    </ClCompile>
    <ClCompile Include="parallel.cpp">
      <Filter>Source Files</Filter>
    </ClCompile>
    <ClCompile Include="path.cpp">
      <Filter>Source Files</Filter>
    </ClCompile>
    <ClCompile Include="perlin.cpp">
      <Filter>Source Files</Filter>
    </ClCompile>
    <ClCompile Include="planes.cpp">
      <Filter>Source Files</Filter>
    </ClCompile>
    <ClCompile Include="quad.cpp">
      <Filter>Source Files</Filter>
    </ClCompile>
    <ClCompile Include="Renderer.cpp">
      <Filter>Source Files</Filter>
    </ClCompile>
    <ClCompile Include="rtw_stb_image.cpp">
      <Filter>Source Files</Filter>
    </ClCompile>
    <ClCompile Include="sphere.cpp">
      <Filter>Source Files</Filter>
    </ClCompile>
    <ClCompile Include="sphere_device.cpp">
      <Filter>Source Files</Filter>
    </ClCompile>
    <ClCompile Include="triangle_mesh.cpp">
      <Filter>Source Files</Filter>
    </ClCompile>
    <ClCompile Include="vec3.cpp">
      <Filter>Source Files</Filter>
    </ClCompile>
    <ClCompile Include="vec3_device.cpp">
      <Filter>Source Files</Filter>
    </ClCompile>
    <ClCompile Include="write.cpp">
      <Filter>Source Files</Filter>
    </ClCompile>
    <ClCompile Include="interval_device.cpp">
      <Filter>Source Files</Filter>
    </ClCompile>
    <ClCompile Include="RayTracing_21.cpp">
      <Filter>Source Files</Filter>
    </ClCompile>
    <ClCompile Include="input_device.cpp">
      <Filter>Source Files</Filter>
    </ClCompile>
  </ItemGroup>
</Project>